{
    "_meta": {
        "hash": {
            "sha256": "9a7e3a5906396930a334d3813abca9977262179f85a6244ba8bed29211953036"
        },
        "pipfile-spec": 6,
        "requires": {
            "python_version": "3.7"
        },
        "sources": [
            {
                "name": "pypi",
                "url": "https://pypi.org/simple",
                "verify_ssl": true
            }
        ]
    },
    "default": {
        "certifi": {
            "hashes": [
                "sha256:339dc09518b07e2fa7eda5450740925974815557727d6bd35d319c1524a04a4c",
                "sha256:6d58c986d22b038c8c0df30d639f23a3e6d172a05c3583e766f4c0b785c0986a"
            ],
            "version": "==2018.10.15"
        },
        "chardet": {
            "hashes": [
                "sha256:84ab92ed1c4d4f16916e05906b6b75a6c0fb5db821cc65e70cbd64a3e2a5eaae",
                "sha256:fc323ffcaeaed0e0a02bf4d117757b98aed530d9ed4531e3e15460124c106691"
            ],
            "version": "==3.0.4"
        },
        "click": {
            "hashes": [
                "sha256:c9972f4d2b80575bb9112500cfec750eaf4f04e07abda4b2c44e453cde65ee77",
                "sha256:f79c8c04d7eb50071bcad67fd23f3c10fab6c72d56857adf848367806845d6e5"
            ],
            "index": "pypi",
            "version": "==3.3"
        },
        "idna": {
            "hashes": [
                "sha256:156a6814fb5ac1fc6850fb002e0852d56c0c8d2531923a51032d1b70760e186e",
                "sha256:684a38a6f903c1d71d6d5fac066b58d7768af4de2b832e426ec79c30daa94a16"
            ],
            "version": "==2.7"
        },
        "jinja2": {
            "hashes": [
                "sha256:5cc0a087a81dca1c08368482fb7a92fe2bdd8cfbb22bc0fccfe6c85affb04c8b"
            ],
            "index": "pypi",
            "version": "==2.7.1"
        },
        "livereload": {
            "hashes": [
                "sha256:422de10d7ea9467a1ba27cbaffa84c74b809d96fb1598d9de4b9b676adf35e2c",
                "sha256:5ed6506f5d526ee712da9f3739c27714e6f3376f3e481728d298efceae0ec83a"
            ],
            "index": "pypi",
            "version": "==2.5.1"
        },
        "markdown": {
            "hashes": [
                "sha256:9ba587db9daee7ec761cfc656272be6aabe2ed300fece21208e4aab2e457bc8f",
                "sha256:a856869c7ff079ad84a3e19cd87a64998350c2b94e9e08e44270faef33400f81"
            ],
            "index": "pypi",
            "version": "==2.6.11"
        },
        "markupsafe": {
            "hashes": [
                "sha256:a6be69091dac236ea9c6bc7d012beab42010fa914c459791d627dad4910eb665"
            ],
            "version": "==1.0"
        },
        "mdx-gh-links": {
            "hashes": [
                "sha256:0815d6f2880fc78e7a06e3964dfab55def5bf45a10ce1555423c5bcd405873e5",
                "sha256:59fb8dafdf62bd0757593d6ab1f13b554d1d3ef0dcc44bedea2eca71970cf398"
            ],
            "index": "pypi",
            "version": "==0.2"
        },
        "mkdocs": {
            "hashes": [
                "sha256:2548dbefb5537f65fbdade6b1038c7b269d244b6b6db302231d2bdf6d80526de",
                "sha256:88aca8afda97535112554ed1baacdd9ca669ce144f028f05cc16b18d6b596491"
            ],
            "index": "pypi",
            "version": "==1.0.1"
        },
        "mkdocs-material": {
            "hashes": [
                "sha256:19eb6ba521522872aa050f8c2e5e5aef7207eae4abff3e008be79045a2dfa3f7",
                "sha256:430affe3a19481ed6c0652084b55877cdf9dfffdcf15aa1ecdee06d6df4098ea"
            ],
            "index": "pypi",
            "version": "==3.0.3"
        },
        "pygments": {
            "hashes": [
                "sha256:78f3f434bcc5d6ee09020f92ba487f95ba50f1e3ef83ae96b9d5ffa1bab25c5d",
                "sha256:dbae1046def0efb574852fab9e90209b23f556367b5a320c0bcb871c77c3e8cc"
            ],
            "index": "pypi",
            "version": "==2.2.0"
        },
        "pymdown-extensions": {
            "hashes": [
                "sha256:20f2ae1067ab850cab92fcf57487267a7fd1365a7b1e7c5394e1e0778455eec1",
                "sha256:7d3fcbb4c5d70a78d1f4c2c7eef02dbe7e1ba08b06cb72e08b3d1027eb77458b"
            ],
            "index": "pypi",
            "version": "==4.12"
        },
        "pyyaml": {
            "hashes": [
                "sha256:3d7da3009c0f3e783b2c873687652d83b1bbfd5c88e9813fb7e5b03c0dd3108b",
                "sha256:3ef3092145e9b70e3ddd2c7ad59bdd0252a94dfe3949721633e41344de00a6bf",
                "sha256:40c71b8e076d0550b2e6380bada1f1cd1017b882f7e16f09a65be98e017f211a",
                "sha256:558dd60b890ba8fd982e05941927a3911dc409a63dcb8b634feaa0cda69330d3",
                "sha256:a7c28b45d9f99102fa092bb213aa12e0aaf9a6a1f5e395d36166639c1f96c3a1",
                "sha256:aa7dd4a6a427aed7df6fb7f08a580d68d9b118d90310374716ae90b710280af1",
                "sha256:bc558586e6045763782014934bfaf39d48b8ae85a2713117d16c39864085c613",
                "sha256:d46d7982b62e0729ad0175a9bc7e10a566fc07b224d2c79fafb5e032727eaa04",
                "sha256:d5eef459e30b09f5a098b9cea68bebfeb268697f78d647bd255a085371ac7f3f",
                "sha256:e01d3203230e1786cd91ccfdc8f8454c8069c91bee3962ad93b87a4b2860f537",
                "sha256:e170a9e6fcfd19021dd29845af83bb79236068bf5fd4df3327c1be18182b2531"
            ],
            "index": "pypi",
            "version": "==3.13"
        },
        "requests": {
            "hashes": [
                "sha256:99dcfdaaeb17caf6e526f32b6a7b780461512ab3f1d992187801694cba42770c",
                "sha256:a84b8c9ab6239b578f22d1c21d51b696dcfe004032bb80ea832398d6909d7279"
            ],
            "index": "pypi",
            "version": "==2.20.0"
        },
        "six": {
            "hashes": [
                "sha256:70e8a77beed4562e7f14fe23a786b54f6296e34344c23bc42f07b15018ff98e9",
                "sha256:832dc0e10feb1aa2c68dcc57dbb658f1c7e65b9b61af69048abc87a2db00a0eb"
            ],
            "version": "==1.11.0"
        },
        "tornado": {
            "hashes": [
                "sha256:4b6a623a28307c5d5d64b34ed7c84f2bfcc6848fd71546bb8bc03dd82b71ad04",
                "sha256:54a568429fb77529622a4607c66f9144aa980bd4fe2326206672707eba6951fc",
                "sha256:62f754562c61ea94b00d61727202105068bc2760f076cc34d2da1a57041731aa",
                "sha256:6b56415667b1ad4f222486baa7118d5445310fd9b99a2263e029bc63df6e2e80",
                "sha256:f112ae0b50d2080995afab36aca4fcd93af1fa2e7185b15d854b0d6b2578dce4"
            ],
            "index": "pypi",
            "version": "==5.0"
        },
        "urllib3": {
            "hashes": [
                "sha256:41c3db2fc01e5b907288010dec72f9d0a74e37d6994e6eb56849f59fea2265ae",
                "sha256:8819bba37a02d143296a4d032373c4dd4aca11f6d4c9973335ca75f9c8475f59"
            ],
            "version": "==1.24"
        }
    },
    "develop": {}
}
